{
    "name": "ai-receptionist",
    "version": "1.0.0",
    "description": "AI Receptionist Management System",
    "main": "server.js",
    "scripts": {
        "start": "node server.js",
        "check": "node --check server.js"
    },
    "keywords": [
        "ai",
        "receptionist",
        "visitor",
        "appointment"
    ],
    "author": "",
    "license": "ISC",
    "dependencies": {
        "better-sqlite3": "^11.3.0",
        "cors": "^2.8.5",
        "express": "^5.2.1",
        "express-session": "^1.19.0"
    }
}